
Microsoft Visual Studio Solution File, Format Version 12.00
# Visual Studio Version 17
VisualStudioVersion = 17.0.32014.148
MinimumVisualStudioVersion = 10.0.40219.1
Project("{9A19103F-16F7-4668-BE54-9A1E7A4F7556}") = "RPG", "RPG\RPG.csproj", "{D427A215-A39E-4759-9A45-11A55CFBBECC}"
EndProject
Project("{FAE04EC0-301F-11D3-BF4B-00C04F79EFBC}") = "RPGTests", "RPGTests\RPGTests.csproj", "{C839DDF1-DF6F-4AD2-9BC2-61084E968DA2}"
EndProject
Global
	GlobalSection(SolutionConfigurationPlatforms) = preSolution
		Debug|Any CPU = Debug|Any CPU
		Release|Any CPU = Release|Any CPU
	EndGlobalSection
	GlobalSection(ProjectConfigurationPlatforms) = postSolution
		{D427A215-A39E-4759-9A45-11A55CFBBECC}.Debug|Any CPU.ActiveCfg = Debug|Any CPU
		{D427A215-A39E-4759-9A45-11A55CFBBECC}.Debug|Any CPU.Build.0 = Debug|Any CPU
		{D427A215-A39E-4759-9A45-11A55CFBBECC}.Release|Any CPU.ActiveCfg = Release|Any CPU
		{D427A215-A39E-4759-9A45-11A55CFBBECC}.Release|Any CPU.Build.0 = Release|Any CPU
		{C839DDF1-DF6F-4AD2-9BC2-61084E968DA2}.Debug|Any CPU.ActiveCfg = Debug|Any CPU
		{C839DDF1-DF6F-4AD2-9BC2-61084E968DA2}.Debug|Any CPU.Build.0 = Debug|Any CPU
		{C839DDF1-DF6F-4AD2-9BC2-61084E968DA2}.Release|Any CPU.ActiveCfg = Release|Any CPU
		{C839DDF1-DF6F-4AD2-9BC2-61084E968DA2}.Release|Any CPU.Build.0 = Release|Any CPU
	EndGlobalSection
	GlobalSection(SolutionProperties) = preSolution
		HideSolutionNode = FALSE
	EndGlobalSection
	GlobalSection(ExtensibilityGlobals) = postSolution
		SolutionGuid = {C3621282-0A9F-422A-B7DD-B3511A5CCDB7}
	EndGlobalSection
EndGlobal
